{
  "name": "action-upload",
  "version": "0.1.0",
  "lockfileVersion": 2,
  "requires": true,
  "packages": {
    "": {
      "name": "action-upload",
      "version": "0.1.0",
      "license": "BSD-3-Clause",
      "dependencies": {
        "@replayio/replay": "^0.1.0-alpha.5",
        "axios": "^0.26.1",
        "jsonata": "^1.8.6"
      }
    },
    "node_modules/@replayio/replay": {
      "version": "0.1.0-alpha.7",
      "resolved": "https://registry.npmjs.org/@replayio/replay/-/replay-0.1.0-alpha.7.tgz",
      "integrity": "sha512-3qEqrazM4mNOE2ifyPGX9EYMB5KN+fwIt9ESTgLhTebQB+k3J5G6iqEJqXPBe0uW1uh6Ea8HsGwzjN93y99wmw==",
      "dependencies": {
        "commander": "^7.2.0",
        "ws": "^7.5.0"
      },
      "bin": {
        "replay": "bin/replay"
      }
    },
    "node_modules/axios": {
      "version": "0.26.1",
      "resolved": "https://registry.npmjs.org/axios/-/axios-0.26.1.tgz",
      "integrity": "sha512-fPwcX4EvnSHuInCMItEhAGnaSEXRBjtzh9fOtsE6E1G6p7vl7edEeZe11QHf18+6+9gR5PbKV/sGKNaD8YaMeA==",
      "dependencies": {
        "follow-redirects": "^1.14.8"
      }
    },
    "node_modules/commander": {
      "version": "7.2.0",
      "resolved": "https://registry.npmjs.org/commander/-/commander-7.2.0.tgz",
      "integrity": "sha512-QrWXB+ZQSVPmIWIhtEO9H+gwHaMGYiF5ChvoJ+K9ZGHG/sVsa6yiesAD1GC/x46sET00Xlwo1u49RVVVzvcSkw==",
      "engines": {
        "node": ">= 10"
      }
    },
    "node_modules/follow-redirects": {
      "version": "1.14.9",
      "resolved": "https://registry.npmjs.org/follow-redirects/-/follow-redirects-1.14.9.tgz",
      "integrity": "sha512-MQDfihBQYMcyy5dhRDJUHcw7lb2Pv/TuE6xP1vyraLukNDHKbDxDNaOE3NbCAdKQApno+GPRyo1YAp89yCjK4w==",
      "funding": [
        {
          "type": "individual",
          "url": "https://github.com/sponsors/RubenVerborgh"
        }
      ],
      "engines": {
        "node": ">=4.0"
      },
      "peerDependenciesMeta": {
        "debug": {
          "optional": true
        }
      }
    },
    "node_modules/jsonata": {
      "version": "1.8.6",
      "resolved": "https://registry.npmjs.org/jsonata/-/jsonata-1.8.6.tgz",
      "integrity": "sha512-ZH2TPYdNP2JecOl/HvrH47Xc+9imibEMQ4YqKy/F/FrM+2a6vfbGxeCX23dB9Fr6uvGwv+ghf1KxWB3iZk09wA==",
      "engines": {
        "node": ">= 8"
      }
    },
    "node_modules/ws": {
      "version": "7.5.7",
      "resolved": "https://registry.npmjs.org/ws/-/ws-7.5.7.tgz",
      "integrity": "sha512-KMvVuFzpKBuiIXW3E4u3mySRO2/mCHSyZDJQM5NQ9Q9KHWHWh0NHgfbRMLLrceUK5qAL4ytALJbpRMjixFZh8A==",
      "engines": {
        "node": ">=8.3.0"
      },
      "peerDependencies": {
        "bufferutil": "^4.0.1",
        "utf-8-validate": "^5.0.2"
      },
      "peerDependenciesMeta": {
        "bufferutil": {
          "optional": true
        },
        "utf-8-validate": {
          "optional": true
        }
      }
    }
  },
  "dependencies": {
    "@replayio/replay": {
      "version": "0.1.0-alpha.7",
      "resolved": "https://registry.npmjs.org/@replayio/replay/-/replay-0.1.0-alpha.7.tgz",
      "integrity": "sha512-3qEqrazM4mNOE2ifyPGX9EYMB5KN+fwIt9ESTgLhTebQB+k3J5G6iqEJqXPBe0uW1uh6Ea8HsGwzjN93y99wmw==",
      "requires": {
        "commander": "^7.2.0",
        "ws": "^7.5.0"
      }
    },
    "axios": {
      "version": "0.26.1",
      "resolved": "https://registry.npmjs.org/axios/-/axios-0.26.1.tgz",
      "integrity": "sha512-fPwcX4EvnSHuInCMItEhAGnaSEXRBjtzh9fOtsE6E1G6p7vl7edEeZe11QHf18+6+9gR5PbKV/sGKNaD8YaMeA==",
      "requires": {
        "follow-redirects": "^1.14.8"
      }
    },
    "commander": {
      "version": "7.2.0",
      "resolved": "https://registry.npmjs.org/commander/-/commander-7.2.0.tgz",
      "integrity": "sha512-QrWXB+ZQSVPmIWIhtEO9H+gwHaMGYiF5ChvoJ+K9ZGHG/sVsa6yiesAD1GC/x46sET00Xlwo1u49RVVVzvcSkw=="
    },
    "follow-redirects": {
      "version": "1.14.9",
      "resolved": "https://registry.npmjs.org/follow-redirects/-/follow-redirects-1.14.9.tgz",
      "integrity": "sha512-MQDfihBQYMcyy5dhRDJUHcw7lb2Pv/TuE6xP1vyraLukNDHKbDxDNaOE3NbCAdKQApno+GPRyo1YAp89yCjK4w=="
    },
    "jsonata": {
      "version": "1.8.6",
      "resolved": "https://registry.npmjs.org/jsonata/-/jsonata-1.8.6.tgz",
      "integrity": "sha512-ZH2TPYdNP2JecOl/HvrH47Xc+9imibEMQ4YqKy/F/FrM+2a6vfbGxeCX23dB9Fr6uvGwv+ghf1KxWB3iZk09wA=="
    },
    "ws": {
      "version": "7.5.7",
      "resolved": "https://registry.npmjs.org/ws/-/ws-7.5.7.tgz",
      "integrity": "sha512-KMvVuFzpKBuiIXW3E4u3mySRO2/mCHSyZDJQM5NQ9Q9KHWHWh0NHgfbRMLLrceUK5qAL4ytALJbpRMjixFZh8A==",
      "requires": {}
    }
  }
}
